
Microsoft Visual Studio Solution File, Format Version 12.00
# Visual Studio Version 16
VisualStudioVersion = 16.0.31005.135
MinimumVisualStudioVersion = 10.0.40219.1
Project("{FAE04EC0-301F-11D3-BF4B-00C04F79EFBC}") = "Crudoperation_WebApplication", "Crudoperation_WebApplication\Crudoperation_WebApplication.csproj", "{62CC92EC-650F-4E75-B9C2-5F6584854753}"
EndProject
Global
	GlobalSection(SolutionConfigurationPlatforms) = preSolution
		Debug|Any CPU = Debug|Any CPU
		Release|Any CPU = Release|Any CPU
	EndGlobalSection
	GlobalSection(ProjectConfigurationPlatforms) = postSolution
		{62CC92EC-650F-4E75-B9C2-5F6584854753}.Debug|Any CPU.ActiveCfg = Debug|Any CPU
		{62CC92EC-650F-4E75-B9C2-5F6584854753}.Debug|Any CPU.Build.0 = Debug|Any CPU
		{62CC92EC-650F-4E75-B9C2-5F6584854753}.Release|Any CPU.ActiveCfg = Release|Any CPU
		{62CC92EC-650F-4E75-B9C2-5F6584854753}.Release|Any CPU.Build.0 = Release|Any CPU
	EndGlobalSection
	GlobalSection(SolutionProperties) = preSolution
		HideSolutionNode = FALSE
	EndGlobalSection
	GlobalSection(ExtensibilityGlobals) = postSolution
		SolutionGuid = {383D2C3D-4765-49E2-A3AF-3BA957B9B9D2}
	EndGlobalSection
EndGlobal
